
Microsoft Visual Studio Solution File, Format Version 12.00
# Visual Studio Version 16
VisualStudioVersion = 16.0.29230.47
MinimumVisualStudioVersion = 10.0.40219.1
Project("{FAE04EC0-301F-11D3-BF4B-00C04F79EFBC}") = "SOC", "SOC.csproj", "{00B835FD-A455-4CAB-9758-1827B6EFB41E}"
EndProject
Global
	GlobalSection(SolutionConfigurationPlatforms) = preSolution
		Debug|Any CPU = Debug|Any CPU
		Release|Any CPU = Release|Any CPU
	EndGlobalSection
	GlobalSection(ProjectConfigurationPlatforms) = postSolution
		{00B835FD-A455-4CAB-9758-1827B6EFB41E}.Debug|Any CPU.ActiveCfg = Debug|Any CPU
		{00B835FD-A455-4CAB-9758-1827B6EFB41E}.Debug|Any CPU.Build.0 = Debug|Any CPU
		{00B835FD-A455-4CAB-9758-1827B6EFB41E}.Release|Any CPU.ActiveCfg = Release|Any CPU
		{00B835FD-A455-4CAB-9758-1827B6EFB41E}.Release|Any CPU.Build.0 = Release|Any CPU
	EndGlobalSection
	GlobalSection(SolutionProperties) = preSolution
		HideSolutionNode = FALSE
	EndGlobalSection
	GlobalSection(ExtensibilityGlobals) = postSolution
		SolutionGuid = {7A5138A3-3C92-45B7-96B1-D03674D65728}
	EndGlobalSection
EndGlobal
